# THIS IS AN AUTOGENERATED FILE. DO NOT EDIT THIS FILE DIRECTLY.
# yarn lockfile v1


colorsys@^1.0.22:
  version "1.0.22"
  resolved "https://registry.yarnpkg.com/colorsys/-/colorsys-1.0.22.tgz#e08459b297de7d4da4a53c26c3555f5a9609ad88"
  integrity sha512-KCqF23oqkOD0IUCTLCl0obwGIMyeGFlNWuJ4oRRVKmawvKQeb3x5UvajVeH9AShZWU9hNaIhjXeTGw3iPNtl/Q==

commander@^2.20.0:
  version "2.20.3"
  resolved "https://registry.yarnpkg.com/commander/-/commander-2.20.3.tgz#fd485e84c03eb4881c20722ba48035e8531aeb33"
  integrity sha512-GpVkmM8vF2vQUkj2LvZmD35JxeJOLCwJ9cUkugyk2nuhbv3+mJvpLYYt+0+USMxE+oj+ey/lJEnhZw75x/OMcQ==

is-plain-obj@^1.1:
  version "1.1.0"
  resolved "https://registry.yarnpkg.com/is-plain-obj/-/is-plain-obj-1.1.0.tgz#71a50c8429dfca773c92a390a4a03b39fcd51d3e"
  integrity sha1-caUMhCnfync8kqOQpKA7OfzVHT4=

magic-home@^2.7.1:
  version "2.7.1"
  resolved "https://registry.yarnpkg.com/magic-home/-/magic-home-2.7.1.tgz#a9fd9e2d94d76bc2738fce8aa287c58cc012a08d"
  integrity sha512-9nQJ92JIFDnVXtXDxsoLnx/CrMqpb+euCfuBDc4iCe5lDVsBBYIeN/jfDYS6Rg7YOD/h4TQbahikemsp20OaXg==
  dependencies:
    commander "^2.20.0"
    merge-options "^1.0.1"

merge-options@^1.0.1:
  version "1.0.1"
  resolved "https://registry.yarnpkg.com/merge-options/-/merge-options-1.0.1.tgz#2a64b24457becd4e4dc608283247e94ce589aa32"
  integrity sha512-iuPV41VWKWBIOpBsjoxjDZw8/GbSfZ2mk7N1453bwMrfzdrIk7EzBd+8UVR6rkw67th7xnk9Dytl3J+lHPdxvg==
  dependencies:
    is-plain-obj "^1.1"
